
Microsoft Visual Studio Solution File, Format Version 12.00
# Visual Studio Version 16
VisualStudioVersion = 16.0.29911.84
MinimumVisualStudioVersion = 10.0.40219.1
Project("{FAE04EC0-301F-11D3-BF4B-00C04F79EFBC}") = "ShoppingCartApplication", "ShoppingCartApplication\ShoppingCartApplication.csproj", "{8E318713-ACA5-4999-A5CD-6A3D1A737A98}"
EndProject
Project("{FAE04EC0-301F-11D3-BF4B-00C04F79EFBC}") = "BusinessLayer", "BusinessLayer\BusinessLayer.csproj", "{C163DA3A-8314-4DF3-937E-094A08655E68}"
EndProject
Project("{FAE04EC0-301F-11D3-BF4B-00C04F79EFBC}") = "CommonLayer", "CommonLayer\CommonLayer.csproj", "{B99883C9-EACD-413E-9EC7-4114346031A2}"
EndProject
Project("{FAE04EC0-301F-11D3-BF4B-00C04F79EFBC}") = "RepositoryLayer", "RepositoryLayer\RepositoryLayer.csproj", "{07485BF1-F88C-4944-9F63-97D7EA725E9F}"
EndProject
Global
	GlobalSection(SolutionConfigurationPlatforms) = preSolution
		Debug|Any CPU = Debug|Any CPU
		Release|Any CPU = Release|Any CPU
	EndGlobalSection
	GlobalSection(ProjectConfigurationPlatforms) = postSolution
		{8E318713-ACA5-4999-A5CD-6A3D1A737A98}.Debug|Any CPU.ActiveCfg = Debug|Any CPU
		{8E318713-ACA5-4999-A5CD-6A3D1A737A98}.Debug|Any CPU.Build.0 = Debug|Any CPU
		{8E318713-ACA5-4999-A5CD-6A3D1A737A98}.Release|Any CPU.ActiveCfg = Release|Any CPU
		{8E318713-ACA5-4999-A5CD-6A3D1A737A98}.Release|Any CPU.Build.0 = Release|Any CPU
		{C163DA3A-8314-4DF3-937E-094A08655E68}.Debug|Any CPU.ActiveCfg = Debug|Any CPU
		{C163DA3A-8314-4DF3-937E-094A08655E68}.Debug|Any CPU.Build.0 = Debug|Any CPU
		{C163DA3A-8314-4DF3-937E-094A08655E68}.Release|Any CPU.ActiveCfg = Release|Any CPU
		{C163DA3A-8314-4DF3-937E-094A08655E68}.Release|Any CPU.Build.0 = Release|Any CPU
		{B99883C9-EACD-413E-9EC7-4114346031A2}.Debug|Any CPU.ActiveCfg = Debug|Any CPU
		{B99883C9-EACD-413E-9EC7-4114346031A2}.Debug|Any CPU.Build.0 = Debug|Any CPU
		{B99883C9-EACD-413E-9EC7-4114346031A2}.Release|Any CPU.ActiveCfg = Release|Any CPU
		{B99883C9-EACD-413E-9EC7-4114346031A2}.Release|Any CPU.Build.0 = Release|Any CPU
		{07485BF1-F88C-4944-9F63-97D7EA725E9F}.Debug|Any CPU.ActiveCfg = Debug|Any CPU
		{07485BF1-F88C-4944-9F63-97D7EA725E9F}.Debug|Any CPU.Build.0 = Debug|Any CPU
		{07485BF1-F88C-4944-9F63-97D7EA725E9F}.Release|Any CPU.ActiveCfg = Release|Any CPU
		{07485BF1-F88C-4944-9F63-97D7EA725E9F}.Release|Any CPU.Build.0 = Release|Any CPU
	EndGlobalSection
	GlobalSection(SolutionProperties) = preSolution
		HideSolutionNode = FALSE
	EndGlobalSection
	GlobalSection(ExtensibilityGlobals) = postSolution
		SolutionGuid = {B58D20FA-5C69-48CE-BD8B-BD28CD8F4D96}
	EndGlobalSection
EndGlobal
